
Microsoft Visual Studio Solution File, Format Version 12.00
# Visual Studio Version 17
VisualStudioVersion = 17.9.34902.65
MinimumVisualStudioVersion = 10.0.40219.1
Project("{FAE04EC0-301F-11D3-BF4B-00C04F79EFBC}") = "ShainePaulJenkins", "ShainePaulJenkins\ShainePaulJenkins.csproj", "{20E185D1-0251-4EBE-B032-F1BE25CFF32E}"
EndProject
Global
	GlobalSection(SolutionConfigurationPlatforms) = preSolution
		Debug|Any CPU = Debug|Any CPU
		Release|Any CPU = Release|Any CPU
	EndGlobalSection
	GlobalSection(ProjectConfigurationPlatforms) = postSolution
		{20E185D1-0251-4EBE-B032-F1BE25CFF32E}.Debug|Any CPU.ActiveCfg = Debug|Any CPU
		{20E185D1-0251-4EBE-B032-F1BE25CFF32E}.Debug|Any CPU.Build.0 = Debug|Any CPU
		{20E185D1-0251-4EBE-B032-F1BE25CFF32E}.Release|Any CPU.ActiveCfg = Release|Any CPU
		{20E185D1-0251-4EBE-B032-F1BE25CFF32E}.Release|Any CPU.Build.0 = Release|Any CPU
	EndGlobalSection
	GlobalSection(SolutionProperties) = preSolution
		HideSolutionNode = FALSE
	EndGlobalSection
	GlobalSection(ExtensibilityGlobals) = postSolution
		SolutionGuid = {F4C7BB4E-C486-4A05-9920-9DF26C1F5EBD}
	EndGlobalSection
EndGlobal
